
Microsoft Visual Studio Solution File, Format Version 12.00
# Visual Studio Version 17
VisualStudioVersion = 17.14.37314.3 d17.14
MinimumVisualStudioVersion = 10.0.40219.1
Project("{FAE04EC0-301F-11D3-BF4B-00C04F79EFBC}") = "ISRPOPr1", "ISRPOPr1\ISRPOPr1.csproj", "{17DFED5B-ABFF-49A1-8C87-63DA47C66B4B}"
EndProject
Global
	GlobalSection(SolutionConfigurationPlatforms) = preSolution
		Debug|Any CPU = Debug|Any CPU
		Release|Any CPU = Release|Any CPU
	EndGlobalSection
	GlobalSection(ProjectConfigurationPlatforms) = postSolution
		{17DFED5B-ABFF-49A1-8C87-63DA47C66B4B}.Debug|Any CPU.ActiveCfg = Debug|Any CPU
		{17DFED5B-ABFF-49A1-8C87-63DA47C66B4B}.Debug|Any CPU.Build.0 = Debug|Any CPU
		{17DFED5B-ABFF-49A1-8C87-63DA47C66B4B}.Release|Any CPU.ActiveCfg = Release|Any CPU
		{17DFED5B-ABFF-49A1-8C87-63DA47C66B4B}.Release|Any CPU.Build.0 = Release|Any CPU
	EndGlobalSection
	GlobalSection(SolutionProperties) = preSolution
		HideSolutionNode = FALSE
	EndGlobalSection
	GlobalSection(ExtensibilityGlobals) = postSolution
		SolutionGuid = {45473BEE-B241-4E80-903C-FBE8E7910D90}
	EndGlobalSection
EndGlobal
